
Microsoft Visual Studio Solution File, Format Version 12.00
# Visual Studio Version 17
VisualStudioVersion = 17.2.32526.322
MinimumVisualStudioVersion = 10.0.40219.1
Project("{FAE04EC0-301F-11D3-BF4B-00C04F79EFBC}") = "AppLaunchPad", "AppLaunchPad\AppLaunchPad.csproj", "{1F2AD28D-1CE5-405D-99DB-70FEFE5FD377}"
EndProject
Global
	GlobalSection(SolutionConfigurationPlatforms) = preSolution
		Debug|Any CPU = Debug|Any CPU
		Release|Any CPU = Release|Any CPU
	EndGlobalSection
	GlobalSection(ProjectConfigurationPlatforms) = postSolution
		{1F2AD28D-1CE5-405D-99DB-70FEFE5FD377}.Debug|Any CPU.ActiveCfg = Debug|Any CPU
		{1F2AD28D-1CE5-405D-99DB-70FEFE5FD377}.Debug|Any CPU.Build.0 = Debug|Any CPU
		{1F2AD28D-1CE5-405D-99DB-70FEFE5FD377}.Release|Any CPU.ActiveCfg = Release|Any CPU
		{1F2AD28D-1CE5-405D-99DB-70FEFE5FD377}.Release|Any CPU.Build.0 = Release|Any CPU
	EndGlobalSection
	GlobalSection(SolutionProperties) = preSolution
		HideSolutionNode = FALSE
	EndGlobalSection
	GlobalSection(ExtensibilityGlobals) = postSolution
		SolutionGuid = {3F0894A6-ED35-42A3-B638-4D04DD719527}
	EndGlobalSection
EndGlobal
